
Microsoft Visual Studio Solution File, Format Version 12.00
# Visual Studio 2017
Project("{FAE04EC0-301F-11D3-BF4B-00C04F79EFBC}") = "ECCPlayground", "ECCPlayground.csproj", "{89388032-B2B1-4C2F-8E94-14479D3DD939}"
EndProject
Global
	GlobalSection(SolutionConfigurationPlatforms) = preSolution
		Debug|Any CPU = Debug|Any CPU
		Release|Any CPU = Release|Any CPU
	EndGlobalSection
	GlobalSection(ProjectConfigurationPlatforms) = postSolution
		{89388032-B2B1-4C2F-8E94-14479D3DD939}.Debug|Any CPU.ActiveCfg = Debug|Any CPU
		{89388032-B2B1-4C2F-8E94-14479D3DD939}.Debug|Any CPU.Build.0 = Debug|Any CPU
		{89388032-B2B1-4C2F-8E94-14479D3DD939}.Release|Any CPU.ActiveCfg = Release|Any CPU
		{89388032-B2B1-4C2F-8E94-14479D3DD939}.Release|Any CPU.Build.0 = Release|Any CPU
	EndGlobalSection
EndGlobal
